
Microsoft Visual Studio Solution File, Format Version 12.00
# Visual Studio 2013
VisualStudioVersion = 12.0.31101.0
MinimumVisualStudioVersion = 10.0.40219.1
Project("{FAE04EC0-301F-11D3-BF4B-00C04F79EFBC}") = "kinect.0706.ex1", "kinect.0706.ex1\kinect.0706.ex1.csproj", "{0B4EBD05-B46D-440C-8941-19C430A34B0D}"
EndProject
Global
	GlobalSection(SolutionConfigurationPlatforms) = preSolution
		Debug|Any CPU = Debug|Any CPU
		Release|Any CPU = Release|Any CPU
	EndGlobalSection
	GlobalSection(ProjectConfigurationPlatforms) = postSolution
		{0B4EBD05-B46D-440C-8941-19C430A34B0D}.Debug|Any CPU.ActiveCfg = Debug|Any CPU
		{0B4EBD05-B46D-440C-8941-19C430A34B0D}.Debug|Any CPU.Build.0 = Debug|Any CPU
		{0B4EBD05-B46D-440C-8941-19C430A34B0D}.Release|Any CPU.ActiveCfg = Release|Any CPU
		{0B4EBD05-B46D-440C-8941-19C430A34B0D}.Release|Any CPU.Build.0 = Release|Any CPU
	EndGlobalSection
	GlobalSection(SolutionProperties) = preSolution
		HideSolutionNode = FALSE
	EndGlobalSection
EndGlobal
