
Microsoft Visual Studio Solution File, Format Version 12.00
# Visual Studio 14
VisualStudioVersion = 14.0.23107.0
MinimumVisualStudioVersion = 10.0.40219.1
Project("{FAE04EC0-301F-11D3-BF4B-00C04F79EFBC}") = "Kinect.1020.ユーザビリティ評価タスク作成", "Kinect.1020.ユーザビリティ評価タスク作成\Kinect.1020.ユーザビリティ評価タスク作成.csproj", "{EFA65520-1E52-4FA1-A403-98894C823208}"
EndProject
Global
	GlobalSection(SolutionConfigurationPlatforms) = preSolution
		Debug|Any CPU = Debug|Any CPU
		Release|Any CPU = Release|Any CPU
	EndGlobalSection
	GlobalSection(ProjectConfigurationPlatforms) = postSolution
		{EFA65520-1E52-4FA1-A403-98894C823208}.Debug|Any CPU.ActiveCfg = Debug|Any CPU
		{EFA65520-1E52-4FA1-A403-98894C823208}.Debug|Any CPU.Build.0 = Debug|Any CPU
		{EFA65520-1E52-4FA1-A403-98894C823208}.Release|Any CPU.ActiveCfg = Release|Any CPU
		{EFA65520-1E52-4FA1-A403-98894C823208}.Release|Any CPU.Build.0 = Release|Any CPU
	EndGlobalSection
	GlobalSection(SolutionProperties) = preSolution
		HideSolutionNode = FALSE
	EndGlobalSection
EndGlobal
